{
  "name": "lathika-react",
  "lockfileVersion": 3,
  "requires": true,
  "packages": {
    "": {
      "dependencies": {
        "reqest": "^0.0.1-security",
        "requst": "^0.0.1-security"
      }
    },
    "node_modules/reqest": {
      "version": "0.0.1-security",
      "resolved": "https://registry.npmjs.org/reqest/-/reqest-0.0.1-security.tgz",
      "integrity": "sha512-bLtfSoD2GvdUjdHoEd0rPZG4nA5utYqxCt658X9sQL4aZbpcfqENmdtBLIxEWs4E67oVzysOt2qAb8P5ZypKbw=="
    },
    "node_modules/requst": {
      "version": "0.0.1-security",
      "resolved": "https://registry.npmjs.org/requst/-/requst-0.0.1-security.tgz",
      "integrity": "sha512-tP3VNm8fYI7S4o7qtl6oAdARnnpnMV8HdrjtLr8yjYt2opAF/VbT6uGUpCGoBMiGjW1oU/ENzp0lLwkVGxyLNw=="
    }
  }
}
